
Microsoft Visual Studio Solution File, Format Version 12.00
# Visual Studio Version 17
VisualStudioVersion = 17.8.34322.80
MinimumVisualStudioVersion = 10.0.40219.1
Project("{FAE04EC0-301F-11D3-BF4B-00C04F79EFBC}") = "Novin.Qeychi.Backend.Security.API", "Novin.Qeychi.Backend.Security.API\Novin.Qeychi.Backend.Security.API.csproj", "{C33D6A85-6D2E-4F75-BD55-845C6F909B73}"
EndProject
Global
	GlobalSection(SolutionConfigurationPlatforms) = preSolution
		Debug|Any CPU = Debug|Any CPU
		Release|Any CPU = Release|Any CPU
	EndGlobalSection
	GlobalSection(ProjectConfigurationPlatforms) = postSolution
		{C33D6A85-6D2E-4F75-BD55-845C6F909B73}.Debug|Any CPU.ActiveCfg = Debug|Any CPU
		{C33D6A85-6D2E-4F75-BD55-845C6F909B73}.Debug|Any CPU.Build.0 = Debug|Any CPU
		{C33D6A85-6D2E-4F75-BD55-845C6F909B73}.Release|Any CPU.ActiveCfg = Release|Any CPU
		{C33D6A85-6D2E-4F75-BD55-845C6F909B73}.Release|Any CPU.Build.0 = Release|Any CPU
	EndGlobalSection
	GlobalSection(SolutionProperties) = preSolution
		HideSolutionNode = FALSE
	EndGlobalSection
	GlobalSection(ExtensibilityGlobals) = postSolution
		SolutionGuid = {DFD6260E-F859-4F09-97E2-E75432E18955}
	EndGlobalSection
EndGlobal
